
Microsoft Visual Studio Solution File, Format Version 12.00
# Visual Studio Version 17
VisualStudioVersion = 17.0.31903.59
MinimumVisualStudioVersion = 10.0.40219.1
Project("{2150E333-8FDC-42A3-9474-1A3956D46DE8}") = "src", "src", "{827E0CD3-B72D-47B6-A68D-7590B98EB39B}"
EndProject
Project("{FAE04EC0-301F-11D3-BF4B-00C04F79EFBC}") = "AlertaRio.Core", "src\AlertaRio.Core\AlertaRio.Core.csproj", "{9B3A7EB1-CCFE-486E-B074-AF06F2DC5F38}"
EndProject
Project("{FAE04EC0-301F-11D3-BF4B-00C04F79EFBC}") = "AlertaRio.Application", "src\AlertaRio.Application\AlertaRio.Application.csproj", "{0A7A22B5-D19A-4C7A-A496-840C38664DD2}"
EndProject
Project("{FAE04EC0-301F-11D3-BF4B-00C04F79EFBC}") = "AlertaRio.Infrastructure", "src\AlertaRio.Infrastructure\AlertaRio.Infrastructure.csproj", "{5917D125-82AB-4996-8724-D4CC994C3F4A}"
EndProject
Project("{FAE04EC0-301F-11D3-BF4B-00C04F79EFBC}") = "AlertaRio.Api", "src\AlertaRio.Api\AlertaRio.Api.csproj", "{B51F6D09-622D-4304-92C3-D5F57836ECBD}"
EndProject
Project("{FAE04EC0-301F-11D3-BF4B-00C04F79EFBC}") = "AlertaRio.Worker", "src\AlertaRio.Worker\AlertaRio.Worker.csproj", "{DA5377BD-3063-4073-B3F3-C77876DEAC1B}"
EndProject
Project("{2150E333-8FDC-42A3-9474-1A3956D46DE8}") = "tests", "tests", "{0AB3BF05-4346-4AA6-1389-037BE0695223}"
EndProject
Project("{FAE04EC0-301F-11D3-BF4B-00C04F79EFBC}") = "AlertaRio.ContractTests", "tests\AlertaRio.ContractTests\AlertaRio.ContractTests.csproj", "{45DFD067-DC9F-4F97-878A-318030732DEC}"
EndProject
Global
	GlobalSection(SolutionConfigurationPlatforms) = preSolution
		Debug|Any CPU = Debug|Any CPU
		Debug|x64 = Debug|x64
		Debug|x86 = Debug|x86
		Release|Any CPU = Release|Any CPU
		Release|x64 = Release|x64
		Release|x86 = Release|x86
	EndGlobalSection
	GlobalSection(ProjectConfigurationPlatforms) = postSolution
		{9B3A7EB1-CCFE-486E-B074-AF06F2DC5F38}.Debug|Any CPU.ActiveCfg = Debug|Any CPU
		{9B3A7EB1-CCFE-486E-B074-AF06F2DC5F38}.Debug|Any CPU.Build.0 = Debug|Any CPU
		{9B3A7EB1-CCFE-486E-B074-AF06F2DC5F38}.Debug|x64.ActiveCfg = Debug|Any CPU
		{9B3A7EB1-CCFE-486E-B074-AF06F2DC5F38}.Debug|x64.Build.0 = Debug|Any CPU
		{9B3A7EB1-CCFE-486E-B074-AF06F2DC5F38}.Debug|x86.ActiveCfg = Debug|Any CPU
		{9B3A7EB1-CCFE-486E-B074-AF06F2DC5F38}.Debug|x86.Build.0 = Debug|Any CPU
		{9B3A7EB1-CCFE-486E-B074-AF06F2DC5F38}.Release|Any CPU.ActiveCfg = Release|Any CPU
		{9B3A7EB1-CCFE-486E-B074-AF06F2DC5F38}.Release|Any CPU.Build.0 = Release|Any CPU
		{9B3A7EB1-CCFE-486E-B074-AF06F2DC5F38}.Release|x64.ActiveCfg = Release|Any CPU
		{9B3A7EB1-CCFE-486E-B074-AF06F2DC5F38}.Release|x64.Build.0 = Release|Any CPU
		{9B3A7EB1-CCFE-486E-B074-AF06F2DC5F38}.Release|x86.ActiveCfg = Release|Any CPU
		{9B3A7EB1-CCFE-486E-B074-AF06F2DC5F38}.Release|x86.Build.0 = Release|Any CPU
		{0A7A22B5-D19A-4C7A-A496-840C38664DD2}.Debug|Any CPU.ActiveCfg = Debug|Any CPU
		{0A7A22B5-D19A-4C7A-A496-840C38664DD2}.Debug|Any CPU.Build.0 = Debug|Any CPU
		{0A7A22B5-D19A-4C7A-A496-840C38664DD2}.Debug|x64.ActiveCfg = Debug|Any CPU
		{0A7A22B5-D19A-4C7A-A496-840C38664DD2}.Debug|x64.Build.0 = Debug|Any CPU
		{0A7A22B5-D19A-4C7A-A496-840C38664DD2}.Debug|x86.ActiveCfg = Debug|Any CPU
		{0A7A22B5-D19A-4C7A-A496-840C38664DD2}.Debug|x86.Build.0 = Debug|Any CPU
		{0A7A22B5-D19A-4C7A-A496-840C38664DD2}.Release|Any CPU.ActiveCfg = Release|Any CPU
		{0A7A22B5-D19A-4C7A-A496-840C38664DD2}.Release|Any CPU.Build.0 = Release|Any CPU
		{0A7A22B5-D19A-4C7A-A496-840C38664DD2}.Release|x64.ActiveCfg = Release|Any CPU
		{0A7A22B5-D19A-4C7A-A496-840C38664DD2}.Release|x64.Build.0 = Release|Any CPU
		{0A7A22B5-D19A-4C7A-A496-840C38664DD2}.Release|x86.ActiveCfg = Release|Any CPU
		{0A7A22B5-D19A-4C7A-A496-840C38664DD2}.Release|x86.Build.0 = Release|Any CPU
		{5917D125-82AB-4996-8724-D4CC994C3F4A}.Debug|Any CPU.ActiveCfg = Debug|Any CPU
		{5917D125-82AB-4996-8724-D4CC994C3F4A}.Debug|Any CPU.Build.0 = Debug|Any CPU
		{5917D125-82AB-4996-8724-D4CC994C3F4A}.Debug|x64.ActiveCfg = Debug|Any CPU
		{5917D125-82AB-4996-8724-D4CC994C3F4A}.Debug|x64.Build.0 = Debug|Any CPU
		{5917D125-82AB-4996-8724-D4CC994C3F4A}.Debug|x86.ActiveCfg = Debug|Any CPU
		{5917D125-82AB-4996-8724-D4CC994C3F4A}.Debug|x86.Build.0 = Debug|Any CPU
		{5917D125-82AB-4996-8724-D4CC994C3F4A}.Release|Any CPU.ActiveCfg = Release|Any CPU
		{5917D125-82AB-4996-8724-D4CC994C3F4A}.Release|Any CPU.Build.0 = Release|Any CPU
		{5917D125-82AB-4996-8724-D4CC994C3F4A}.Release|x64.ActiveCfg = Release|Any CPU
		{5917D125-82AB-4996-8724-D4CC994C3F4A}.Release|x64.Build.0 = Release|Any CPU
		{5917D125-82AB-4996-8724-D4CC994C3F4A}.Release|x86.ActiveCfg = Release|Any CPU
		{5917D125-82AB-4996-8724-D4CC994C3F4A}.Release|x86.Build.0 = Release|Any CPU
		{B51F6D09-622D-4304-92C3-D5F57836ECBD}.Debug|Any CPU.ActiveCfg = Debug|Any CPU
		{B51F6D09-622D-4304-92C3-D5F57836ECBD}.Debug|Any CPU.Build.0 = Debug|Any CPU
		{B51F6D09-622D-4304-92C3-D5F57836ECBD}.Debug|x64.ActiveCfg = Debug|Any CPU
		{B51F6D09-622D-4304-92C3-D5F57836ECBD}.Debug|x64.Build.0 = Debug|Any CPU
		{B51F6D09-622D-4304-92C3-D5F57836ECBD}.Debug|x86.ActiveCfg = Debug|Any CPU
		{B51F6D09-622D-4304-92C3-D5F57836ECBD}.Debug|x86.Build.0 = Debug|Any CPU
		{B51F6D09-622D-4304-92C3-D5F57836ECBD}.Release|Any CPU.ActiveCfg = Release|Any CPU
		{B51F6D09-622D-4304-92C3-D5F57836ECBD}.Release|Any CPU.Build.0 = Release|Any CPU
		{B51F6D09-622D-4304-92C3-D5F57836ECBD}.Release|x64.ActiveCfg = Release|Any CPU
		{B51F6D09-622D-4304-92C3-D5F57836ECBD}.Release|x64.Build.0 = Release|Any CPU
		{B51F6D09-622D-4304-92C3-D5F57836ECBD}.Release|x86.ActiveCfg = Release|Any CPU
		{B51F6D09-622D-4304-92C3-D5F57836ECBD}.Release|x86.Build.0 = Release|Any CPU
		{DA5377BD-3063-4073-B3F3-C77876DEAC1B}.Debug|Any CPU.ActiveCfg = Debug|Any CPU
		{DA5377BD-3063-4073-B3F3-C77876DEAC1B}.Debug|Any CPU.Build.0 = Debug|Any CPU
		{DA5377BD-3063-4073-B3F3-C77876DEAC1B}.Debug|x64.ActiveCfg = Debug|Any CPU
		{DA5377BD-3063-4073-B3F3-C77876DEAC1B}.Debug|x64.Build.0 = Debug|Any CPU
		{DA5377BD-3063-4073-B3F3-C77876DEAC1B}.Debug|x86.ActiveCfg = Debug|Any CPU
		{DA5377BD-3063-4073-B3F3-C77876DEAC1B}.Debug|x86.Build.0 = Debug|Any CPU
		{DA5377BD-3063-4073-B3F3-C77876DEAC1B}.Release|Any CPU.ActiveCfg = Release|Any CPU
		{DA5377BD-3063-4073-B3F3-C77876DEAC1B}.Release|Any CPU.Build.0 = Release|Any CPU
		{DA5377BD-3063-4073-B3F3-C77876DEAC1B}.Release|x64.ActiveCfg = Release|Any CPU
		{DA5377BD-3063-4073-B3F3-C77876DEAC1B}.Release|x64.Build.0 = Release|Any CPU
		{DA5377BD-3063-4073-B3F3-C77876DEAC1B}.Release|x86.ActiveCfg = Release|Any CPU
		{DA5377BD-3063-4073-B3F3-C77876DEAC1B}.Release|x86.Build.0 = Release|Any CPU
		{45DFD067-DC9F-4F97-878A-318030732DEC}.Debug|Any CPU.ActiveCfg = Debug|Any CPU
		{45DFD067-DC9F-4F97-878A-318030732DEC}.Debug|Any CPU.Build.0 = Debug|Any CPU
		{45DFD067-DC9F-4F97-878A-318030732DEC}.Debug|x64.ActiveCfg = Debug|Any CPU
		{45DFD067-DC9F-4F97-878A-318030732DEC}.Debug|x64.Build.0 = Debug|Any CPU
		{45DFD067-DC9F-4F97-878A-318030732DEC}.Debug|x86.ActiveCfg = Debug|Any CPU
		{45DFD067-DC9F-4F97-878A-318030732DEC}.Debug|x86.Build.0 = Debug|Any CPU
		{45DFD067-DC9F-4F97-878A-318030732DEC}.Release|Any CPU.ActiveCfg = Release|Any CPU
		{45DFD067-DC9F-4F97-878A-318030732DEC}.Release|Any CPU.Build.0 = Release|Any CPU
		{45DFD067-DC9F-4F97-878A-318030732DEC}.Release|x64.ActiveCfg = Release|Any CPU
		{45DFD067-DC9F-4F97-878A-318030732DEC}.Release|x64.Build.0 = Release|Any CPU
		{45DFD067-DC9F-4F97-878A-318030732DEC}.Release|x86.ActiveCfg = Release|Any CPU
		{45DFD067-DC9F-4F97-878A-318030732DEC}.Release|x86.Build.0 = Release|Any CPU
	EndGlobalSection
	GlobalSection(SolutionProperties) = preSolution
		HideSolutionNode = FALSE
	EndGlobalSection
	GlobalSection(NestedProjects) = preSolution
		{9B3A7EB1-CCFE-486E-B074-AF06F2DC5F38} = {827E0CD3-B72D-47B6-A68D-7590B98EB39B}
		{0A7A22B5-D19A-4C7A-A496-840C38664DD2} = {827E0CD3-B72D-47B6-A68D-7590B98EB39B}
		{5917D125-82AB-4996-8724-D4CC994C3F4A} = {827E0CD3-B72D-47B6-A68D-7590B98EB39B}
		{B51F6D09-622D-4304-92C3-D5F57836ECBD} = {827E0CD3-B72D-47B6-A68D-7590B98EB39B}
		{DA5377BD-3063-4073-B3F3-C77876DEAC1B} = {827E0CD3-B72D-47B6-A68D-7590B98EB39B}
		{45DFD067-DC9F-4F97-878A-318030732DEC} = {0AB3BF05-4346-4AA6-1389-037BE0695223}
	EndGlobalSection
EndGlobal
